
Microsoft Visual Studio Solution File, Format Version 12.00
# Visual Studio 15
VisualStudioVersion = 15.0.28010.2036
MinimumVisualStudioVersion = 10.0.40219.1
Project("{FAE04EC0-301F-11D3-BF4B-00C04F79EFBC}") = "Asteroids", "Asteroids\Asteroids.csproj", "{A8DA9EF5-CE9D-4ED5-8FA7-232841589EFB}"
EndProject
Project("{FAE04EC0-301F-11D3-BF4B-00C04F79EFBC}") = "ViewModel", "ViewModel\ViewModel.csproj", "{C2D44B27-AF55-41F9-88EC-68005FC6212B}"
EndProject
Project("{FAE04EC0-301F-11D3-BF4B-00C04F79EFBC}") = "Model", "Model\Model.csproj", "{64572E34-6CFE-4B31-8E98-BD495AAD55FE}"
EndProject
Global
	GlobalSection(SolutionConfigurationPlatforms) = preSolution
		Debug|Any CPU = Debug|Any CPU
		Release|Any CPU = Release|Any CPU
	EndGlobalSection
	GlobalSection(ProjectConfigurationPlatforms) = postSolution
		{A8DA9EF5-CE9D-4ED5-8FA7-232841589EFB}.Debug|Any CPU.ActiveCfg = Debug|Any CPU
		{A8DA9EF5-CE9D-4ED5-8FA7-232841589EFB}.Debug|Any CPU.Build.0 = Debug|Any CPU
		{A8DA9EF5-CE9D-4ED5-8FA7-232841589EFB}.Release|Any CPU.ActiveCfg = Release|Any CPU
		{A8DA9EF5-CE9D-4ED5-8FA7-232841589EFB}.Release|Any CPU.Build.0 = Release|Any CPU
		{C2D44B27-AF55-41F9-88EC-68005FC6212B}.Debug|Any CPU.ActiveCfg = Debug|Any CPU
		{C2D44B27-AF55-41F9-88EC-68005FC6212B}.Debug|Any CPU.Build.0 = Debug|Any CPU
		{C2D44B27-AF55-41F9-88EC-68005FC6212B}.Release|Any CPU.ActiveCfg = Release|Any CPU
		{C2D44B27-AF55-41F9-88EC-68005FC6212B}.Release|Any CPU.Build.0 = Release|Any CPU
		{64572E34-6CFE-4B31-8E98-BD495AAD55FE}.Debug|Any CPU.ActiveCfg = Debug|Any CPU
		{64572E34-6CFE-4B31-8E98-BD495AAD55FE}.Debug|Any CPU.Build.0 = Debug|Any CPU
		{64572E34-6CFE-4B31-8E98-BD495AAD55FE}.Release|Any CPU.ActiveCfg = Release|Any CPU
		{64572E34-6CFE-4B31-8E98-BD495AAD55FE}.Release|Any CPU.Build.0 = Release|Any CPU
	EndGlobalSection
	GlobalSection(SolutionProperties) = preSolution
		HideSolutionNode = FALSE
	EndGlobalSection
	GlobalSection(ExtensibilityGlobals) = postSolution
		SolutionGuid = {E52DC3E1-41FC-4087-A07F-6519D6C096D7}
	EndGlobalSection
EndGlobal
